
Microsoft Visual Studio Solution File, Format Version 12.00
# Visual Studio 2012
Project("{FAE04EC0-301F-11D3-BF4B-00C04F79EFBC}") = "TcpInitiator", "TcpInitiator\TcpInitiator.csproj", "{7127283D-07F2-4860-B7F6-05AA0A7C3200}"
EndProject
Project("{FAE04EC0-301F-11D3-BF4B-00C04F79EFBC}") = "TcpResponder", "TcpResponder\TcpResponder.csproj", "{C23A038C-5AA6-4225-BA34-CAD904E8C3E3}"
EndProject
Global
	GlobalSection(SolutionConfigurationPlatforms) = preSolution
		Debug|Any CPU = Debug|Any CPU
		Release|Any CPU = Release|Any CPU
	EndGlobalSection
	GlobalSection(ProjectConfigurationPlatforms) = postSolution
		{7127283D-07F2-4860-B7F6-05AA0A7C3200}.Debug|Any CPU.ActiveCfg = Debug|Any CPU
		{7127283D-07F2-4860-B7F6-05AA0A7C3200}.Debug|Any CPU.Build.0 = Debug|Any CPU
		{7127283D-07F2-4860-B7F6-05AA0A7C3200}.Release|Any CPU.ActiveCfg = Release|Any CPU
		{7127283D-07F2-4860-B7F6-05AA0A7C3200}.Release|Any CPU.Build.0 = Release|Any CPU
		{C23A038C-5AA6-4225-BA34-CAD904E8C3E3}.Debug|Any CPU.ActiveCfg = Debug|Any CPU
		{C23A038C-5AA6-4225-BA34-CAD904E8C3E3}.Debug|Any CPU.Build.0 = Debug|Any CPU
		{C23A038C-5AA6-4225-BA34-CAD904E8C3E3}.Release|Any CPU.ActiveCfg = Release|Any CPU
		{C23A038C-5AA6-4225-BA34-CAD904E8C3E3}.Release|Any CPU.Build.0 = Release|Any CPU
	EndGlobalSection
	GlobalSection(SolutionProperties) = preSolution
		HideSolutionNode = FALSE
	EndGlobalSection
EndGlobal
